schema: '2.0'
stages:
  root-import-data-blue:
    cmd: python tests/dvc_pipelines/root/data.py import-data-blue
    deps:
    - path: tests/dvc_pipelines/root/data.py
      hash: md5
      md5: 1b63f233aba976618f9c124aeee3f9fc
      size: 1051
    - path: tests/dvc_pipelines/root/files/raw_blue.json
      hash: md5
      md5: 05e4f87cfb80d1e17d8869e8d1486243
      size: 64
    outs:
    - path: tests/dvc_pipelines/root/files/blue.json
      hash: md5
      md5: f94fb28e79bbfab95852c04a3e758f74
      size: 52
  root-import-data-red:
    cmd: python tests/dvc_pipelines/root/data.py import-data-red
    deps:
    - path: tests/dvc_pipelines/root/data.py
      hash: md5
      md5: 1b63f233aba976618f9c124aeee3f9fc
      size: 1051
    - path: tests/dvc_pipelines/root/files/raw_red.json
      hash: md5
      md5: 22defad271033ee6f4df419eacd13653
      size: 70
    outs:
    - path: tests/dvc_pipelines/root/files/red.json
      hash: md5
      md5: 863ace0b15c2a5d9a38fb3d2d95039c3
      size: 58
  root-create-dataset:
    cmd: python tests/dvc_pipelines/root/features.py create-dataset
    deps:
    - path: tests/dvc_pipelines/root/features.py
      hash: md5
      md5: 13711325cc0cffaff37a6e0b6eb6abb7
      size: 647
    - path: tests/dvc_pipelines/root/files/blue.json
      hash: md5
      md5: f94fb28e79bbfab95852c04a3e758f74
      size: 52
    - path: tests/dvc_pipelines/root/files/red.json
      hash: md5
      md5: 863ace0b15c2a5d9a38fb3d2d95039c3
      size: 58
    outs:
    - path: tests/dvc_pipelines/root/files/dataset.json
      hash: md5
      md5: cd21732bad56f7147443cd5ce0b07d53
      size: 108
  root-find-hyperparameters:
    cmd: python tests/dvc_pipelines/root/model.py find-hyperparameters
    deps:
    - path: tests/dvc_pipelines/root/model.py
      hash: md5
      md5: 035c28d48b822678e05827f9c50ddaee
      size: 1495
    outs:
    - path: tests/dvc_pipelines/root/files/hyperparameters.json
      hash: md5
      md5: b6cf61f651a5329112765b8e0aac7455
      size: 34
  root-train-model:
    cmd: python tests/dvc_pipelines/root/model.py train-model
    deps:
    - path: tests/dvc_pipelines/root/files/blue.json
      hash: md5
      md5: f94fb28e79bbfab95852c04a3e758f74
      size: 52
    - path: tests/dvc_pipelines/root/files/dataset.json
      hash: md5
      md5: cd21732bad56f7147443cd5ce0b07d53
      size: 108
    - path: tests/dvc_pipelines/root/files/hyperparameters.json
      hash: md5
      md5: b6cf61f651a5329112765b8e0aac7455
      size: 34
    - path: tests/dvc_pipelines/root/model.py
      hash: md5
      md5: 035c28d48b822678e05827f9c50ddaee
      size: 1495
    outs:
    - path: tests/dvc_pipelines/root/files/model.json
      hash: md5
      md5: b6d57d36e990ea1272c4da1ac1968b06
      size: 60
  root-do-unrelated-stuff:
    cmd: python tests/dvc_pipelines/root/data.py do-unrelated-stuff
    deps:
    - path: tests/dvc_pipelines/root/data.py
      hash: md5
      md5: 1b63f233aba976618f9c124aeee3f9fc
      size: 1051
    outs:
    - path: tests/dvc_pipelines/root/files/unrelated.json
      hash: md5
      md5: 848140eb737dc1749c603dbe99139d87
      size: 28
  root-train-models@out_of_time:
    cmd: python tests/dvc_pipelines/root/model.py train-model --kind out_of_time
    deps:
    - path: tests/dvc_pipelines/root/files/blue.json
      hash: md5
      md5: f94fb28e79bbfab95852c04a3e758f74
      size: 52
    - path: tests/dvc_pipelines/root/files/dataset.json
      hash: md5
      md5: cd21732bad56f7147443cd5ce0b07d53
      size: 108
    - path: tests/dvc_pipelines/root/files/hyperparameters.json
      hash: md5
      md5: b6cf61f651a5329112765b8e0aac7455
      size: 34
    - path: tests/dvc_pipelines/root/model.py
      hash: md5
      md5: 035c28d48b822678e05827f9c50ddaee
      size: 1495
    outs:
    - path: tests/dvc_pipelines/root/files/model-out_of_time.json
      hash: md5
      md5: b6d57d36e990ea1272c4da1ac1968b06
      size: 60
  root-train-models@out_of_sample:
    cmd: python tests/dvc_pipelines/root/model.py train-model --kind out_of_sample
    deps:
    - path: tests/dvc_pipelines/root/files/blue.json
      hash: md5
      md5: f94fb28e79bbfab95852c04a3e758f74
      size: 52
    - path: tests/dvc_pipelines/root/files/dataset.json
      hash: md5
      md5: cd21732bad56f7147443cd5ce0b07d53
      size: 108
    - path: tests/dvc_pipelines/root/files/hyperparameters.json
      hash: md5
      md5: b6cf61f651a5329112765b8e0aac7455
      size: 34
    - path: tests/dvc_pipelines/root/model.py
      hash: md5
      md5: 035c28d48b822678e05827f9c50ddaee
      size: 1495
    outs:
    - path: tests/dvc_pipelines/root/files/model-out_of_sample.json
      hash: md5
      md5: b6d57d36e990ea1272c4da1ac1968b06
      size: 60
  root-train-models@full:
    cmd: python tests/dvc_pipelines/root/model.py train-model --kind full
    deps:
    - path: tests/dvc_pipelines/root/files/blue.json
      hash: md5
      md5: f94fb28e79bbfab95852c04a3e758f74
      size: 52
    - path: tests/dvc_pipelines/root/files/dataset.json
      hash: md5
      md5: cd21732bad56f7147443cd5ce0b07d53
      size: 108
    - path: tests/dvc_pipelines/root/files/hyperparameters.json
      hash: md5
      md5: b6cf61f651a5329112765b8e0aac7455
      size: 34
    - path: tests/dvc_pipelines/root/model.py
      hash: md5
      md5: 035c28d48b822678e05827f9c50ddaee
      size: 1495
    outs:
    - path: tests/dvc_pipelines/root/files/model-full.json
      hash: md5
      md5: b6d57d36e990ea1272c4da1ac1968b06
      size: 60
  root-generate-dag:
    cmd: dvc-dag --delete-text "dvc_pipelines/" --delete-text "tests/" --merge-stage
      "root-train-models|kind" --merge-stage "dvc_pipelines/model/dvc.yaml|nested-train-models=kind"
      --colors-random-seed 12 --out docs/dvc_dag.png
    deps:
    - path: dvc_dag/cli.py
      hash: md5
      md5: e9df1dc336c83c114a3672cd3439ff2e
      size: 2203
    - path: dvc_dag/draw.py
      hash: md5
      md5: eeeb7456f0e055d74521d307c6a700ca
      size: 7596
    outs:
    - path: docs/dvc_dag.png
      hash: md5
      md5: 241f730baf545e31d4d2ab19519a3181
      size: 233420
