schema: '2.0'
stages:
  nested-find-hyperparameters:
    cmd: python pipelines/nested/model.py find-hyperparameters
    deps:
    - path: pipelines/nested/model.py
      hash: md5
      md5: 7f1d248a2fa9ae799dcb9e6abfd6bb0b
      size: 1508
    outs:
    - path: pipelines/nested/files/hyperparameters.json
      hash: md5
      md5: b6cf61f651a5329112765b8e0aac7455
      size: 34
  nested-train-model:
    cmd: python pipelines/nested/model.py train-model
    deps:
    - path: pipelines/nested/files/blue.json
      hash: md5
      md5: f94fb28e79bbfab95852c04a3e758f74
      size: 52
    - path: pipelines/nested/files/dataset.json
      hash: md5
      md5: cd21732bad56f7147443cd5ce0b07d53
      size: 108
    - path: pipelines/nested/files/hyperparameters.json
      hash: md5
      md5: b6cf61f651a5329112765b8e0aac7455
      size: 34
    - path: pipelines/nested/model.py
      hash: md5
      md5: 7f1d248a2fa9ae799dcb9e6abfd6bb0b
      size: 1508
    outs:
    - path: pipelines/nested/files/model.json
      hash: md5
      md5: b6d57d36e990ea1272c4da1ac1968b06
      size: 60
  nested-train-models@out_of_sample:
    cmd: python pipelines/nested/model.py train-model --split 
      out_of_sample
    deps:
    - path: pipelines/nested/files/blue.json
      hash: md5
      md5: f94fb28e79bbfab95852c04a3e758f74
      size: 52
    - path: pipelines/nested/files/dataset.json
      hash: md5
      md5: cd21732bad56f7147443cd5ce0b07d53
      size: 108
    - path: pipelines/nested/files/hyperparameters.json
      hash: md5
      md5: b6cf61f651a5329112765b8e0aac7455
      size: 34
    - path: pipelines/nested/model.py
      hash: md5
      md5: 7f1d248a2fa9ae799dcb9e6abfd6bb0b
      size: 1508
    outs:
    - path: pipelines/nested/files/model-out_of_sample.json
      hash: md5
      md5: b6d57d36e990ea1272c4da1ac1968b06
      size: 60
  nested-train-models@out_of_time:
    cmd: python pipelines/nested/model.py train-model --split 
      out_of_time
    deps:
    - path: pipelines/nested/files/blue.json
      hash: md5
      md5: f94fb28e79bbfab95852c04a3e758f74
      size: 52
    - path: pipelines/nested/files/dataset.json
      hash: md5
      md5: cd21732bad56f7147443cd5ce0b07d53
      size: 108
    - path: pipelines/nested/files/hyperparameters.json
      hash: md5
      md5: b6cf61f651a5329112765b8e0aac7455
      size: 34
    - path: pipelines/nested/model.py
      hash: md5
      md5: 7f1d248a2fa9ae799dcb9e6abfd6bb0b
      size: 1508
    outs:
    - path: pipelines/nested/files/model-out_of_time.json
      hash: md5
      md5: b6d57d36e990ea1272c4da1ac1968b06
      size: 60
  nested-train-models@full:
    cmd: python pipelines/nested/model.py train-model --split full
    deps:
    - path: pipelines/nested/files/blue.json
      hash: md5
      md5: f94fb28e79bbfab95852c04a3e758f74
      size: 52
    - path: pipelines/nested/files/dataset.json
      hash: md5
      md5: cd21732bad56f7147443cd5ce0b07d53
      size: 108
    - path: pipelines/nested/files/hyperparameters.json
      hash: md5
      md5: b6cf61f651a5329112765b8e0aac7455
      size: 34
    - path: pipelines/nested/model.py
      hash: md5
      md5: 7f1d248a2fa9ae799dcb9e6abfd6bb0b
      size: 1508
    outs:
    - path: pipelines/nested/files/model-full.json
      hash: md5
      md5: b6d57d36e990ea1272c4da1ac1968b06
      size: 60
