schema: '2.0'
stages:
  create-dataset:
    cmd: python tests/dvc_pipelines/features.py create-dataset
    deps:
    - path: tests/dvc_pipelines/features.py
      hash: md5
      md5: 83df7ee1abe71c6ef7ee3ab3798775a6
      size: 632
    - path: tests/dvc_pipelines/files/blue.json
      hash: md5
      md5: f94fb28e79bbfab95852c04a3e758f74
      size: 52
    - path: tests/dvc_pipelines/files/red.json
      hash: md5
      md5: 863ace0b15c2a5d9a38fb3d2d95039c3
      size: 58
    outs:
    - path: tests/dvc_pipelines/files/dataset.json
      hash: md5
      md5: cd21732bad56f7147443cd5ce0b07d53
      size: 108
  nested-create-dataset:
    cmd: python tests/dvc_pipelines/nested/features.py create-dataset
    deps:
    - path: tests/dvc_pipelines/nested/features.py
      hash: md5
      md5: d943dae759f1864b52a2da545a0f1624
      size: 653
    - path: tests/dvc_pipelines/nested/files/blue.json
      hash: md5
      md5: f94fb28e79bbfab95852c04a3e758f74
      size: 52
    - path: tests/dvc_pipelines/nested/files/red.json
      hash: md5
      md5: 863ace0b15c2a5d9a38fb3d2d95039c3
      size: 58
    outs:
    - path: tests/dvc_pipelines/nested/files/dataset.json
      hash: md5
      md5: cd21732bad56f7147443cd5ce0b07d53
      size: 108
