schema: '2.0'
stages:
  root-do-unrelated-stuff:
    cmd: python pipelines/root/data.py do-unrelated-stuff
    deps:
    - path: pipelines/root/data.py
      hash: md5
      md5: 72992254c59916a23fb31e8b1c73acb7
      size: 965
    outs:
    - path: pipelines/root/files/unrelated.json
      hash: md5
      md5: 848140eb737dc1749c603dbe99139d87
      size: 28
  root-import-data-blue:
    cmd: python pipelines/root/data.py import-data-blue
    deps:
    - path: pipelines/root/data.py
      hash: md5
      md5: 72992254c59916a23fb31e8b1c73acb7
      size: 965
    - path: pipelines/root/files/raw_blue.json
      hash: md5
      md5: 05e4f87cfb80d1e17d8869e8d1486243
      size: 64
    outs:
    - path: pipelines/root/files/blue.json
      hash: md5
      md5: f94fb28e79bbfab95852c04a3e758f74
      size: 52
  root-import-data-red:
    cmd: python pipelines/root/data.py import-data-red
    deps:
    - path: pipelines/root/data.py
      hash: md5
      md5: 72992254c59916a23fb31e8b1c73acb7
      size: 965
    - path: pipelines/root/files/raw_red.json
      hash: md5
      md5: 22defad271033ee6f4df419eacd13653
      size: 70
    outs:
    - path: pipelines/root/files/red.json
      hash: md5
      md5: 863ace0b15c2a5d9a38fb3d2d95039c3
      size: 58
  root-create-dataset:
    cmd: python pipelines/root/features.py
    deps:
    - path: pipelines/root/features.py
      hash: md5
      md5: e1dbbb82571a893ab70fc1d0be0e2eeb
      size: 609
    - path: pipelines/root/files/blue.json
      hash: md5
      md5: f94fb28e79bbfab95852c04a3e758f74
      size: 52
    - path: pipelines/root/files/red.json
      hash: md5
      md5: 863ace0b15c2a5d9a38fb3d2d95039c3
      size: 58
    outs:
    - path: pipelines/root/files/dataset.json
      hash: md5
      md5: cd21732bad56f7147443cd5ce0b07d53
      size: 108
  root-find-hyperparameters:
    cmd: python pipelines/root/model.py find-hyperparameters
    deps:
    - path: pipelines/root/model.py
      hash: md5
      md5: 06bfa6dc47e612efad604b2bd51d67e2
      size: 1496
    outs:
    - path: pipelines/root/files/hyperparameters.json
      hash: md5
      md5: b6cf61f651a5329112765b8e0aac7455
      size: 34
  root-train-model:
    cmd: python pipelines/root/model.py train-model
    deps:
    - path: pipelines/root/files/blue.json
      hash: md5
      md5: f94fb28e79bbfab95852c04a3e758f74
      size: 52
    - path: pipelines/root/files/dataset.json
      hash: md5
      md5: cd21732bad56f7147443cd5ce0b07d53
      size: 108
    - path: pipelines/root/files/hyperparameters.json
      hash: md5
      md5: b6cf61f651a5329112765b8e0aac7455
      size: 34
    - path: pipelines/root/model.py
      hash: md5
      md5: 06bfa6dc47e612efad604b2bd51d67e2
      size: 1496
    outs:
    - path: pipelines/root/files/model.json
      hash: md5
      md5: b6d57d36e990ea1272c4da1ac1968b06
      size: 60
  root-train-models@out_of_sample:
    cmd: python pipelines/root/model.py train-model --split 
      out_of_sample
    deps:
    - path: pipelines/root/files/blue.json
      hash: md5
      md5: f94fb28e79bbfab95852c04a3e758f74
      size: 52
    - path: pipelines/root/files/dataset.json
      hash: md5
      md5: cd21732bad56f7147443cd5ce0b07d53
      size: 108
    - path: pipelines/root/files/hyperparameters.json
      hash: md5
      md5: b6cf61f651a5329112765b8e0aac7455
      size: 34
    - path: pipelines/root/model.py
      hash: md5
      md5: 06bfa6dc47e612efad604b2bd51d67e2
      size: 1496
    outs:
    - path: pipelines/root/files/model-out_of_sample.json
      hash: md5
      md5: b6d57d36e990ea1272c4da1ac1968b06
      size: 60
  root-train-models@out_of_time:
    cmd: python pipelines/root/model.py train-model --split 
      out_of_time
    deps:
    - path: pipelines/root/files/blue.json
      hash: md5
      md5: f94fb28e79bbfab95852c04a3e758f74
      size: 52
    - path: pipelines/root/files/dataset.json
      hash: md5
      md5: cd21732bad56f7147443cd5ce0b07d53
      size: 108
    - path: pipelines/root/files/hyperparameters.json
      hash: md5
      md5: b6cf61f651a5329112765b8e0aac7455
      size: 34
    - path: pipelines/root/model.py
      hash: md5
      md5: 06bfa6dc47e612efad604b2bd51d67e2
      size: 1496
    outs:
    - path: pipelines/root/files/model-out_of_time.json
      hash: md5
      md5: b6d57d36e990ea1272c4da1ac1968b06
      size: 60
  root-train-models@full:
    cmd: python pipelines/root/model.py train-model --split full
    deps:
    - path: pipelines/root/files/blue.json
      hash: md5
      md5: f94fb28e79bbfab95852c04a3e758f74
      size: 52
    - path: pipelines/root/files/dataset.json
      hash: md5
      md5: cd21732bad56f7147443cd5ce0b07d53
      size: 108
    - path: pipelines/root/files/hyperparameters.json
      hash: md5
      md5: b6cf61f651a5329112765b8e0aac7455
      size: 34
    - path: pipelines/root/model.py
      hash: md5
      md5: 06bfa6dc47e612efad604b2bd51d67e2
      size: 1496
    outs:
    - path: pipelines/root/files/model-full.json
      hash: md5
      md5: b6d57d36e990ea1272c4da1ac1968b06
      size: 60
  root-generate-dag:
    cmd: dvc-dag --delete-text "dvc_pipelines/" --delete-text "tests/" 
      --collapse-stage "root-train-models=split" --collapse-stage 
      "dvc_pipelines/model/dvc.yaml:nested-train-models=split" 
      --colors-random-seed 12 --out docs/dvc_dag.png
    deps:
    - path: ../../../src/dvc_dag/cli.py
      hash: md5
      md5: 601eff1d2abc99c16f5a771f45c507f0
      size: 4829
    - path: ../../../src/dvc_dag/colors.py
      hash: md5
      md5: 215240c2e612ccfa992aa28ff70282d5
      size: 1768
    - path: ../../../src/dvc_dag/draw.py
      hash: md5
      md5: 66c3b8da0f51e67e54ea4543998a9826
      size: 12036
    - path: ../../../src/dvc_dag/logger.py
      hash: md5
      md5: af1ab33e89475eefcf493d931ee69d67
      size: 615
    outs:
    - path: docs/dvc_dag.png
      hash: md5
      md5: 6fa58058b512337f71f60f0ec312a97c
      size: 201027
